
Microsoft Visual Studio Solution File, Format Version 12.00
# Visual Studio Version 17
VisualStudioVersion = 17.0.31903.59
MinimumVisualStudioVersion = 10.0.40219.1
Project("{2150E333-8FDC-42A3-9474-1A3956D46DE8}") = "src", "src", "{6007B730-1B5E-4EC3-A7FC-6BFC5E91131C}"
EndProject
Project("{2150E333-8FDC-42A3-9474-1A3956D46DE8}") = "csharp", "csharp", "{BC9D506C-08C3-4CEE-9229-0DE91B3DF29B}"
EndProject
Project("{FAE04EC0-301F-11D3-BF4B-00C04F79EFBC}") = "ManaTracker", "src\csharp\ManaTracker\ManaTracker.csproj", "{8BB5EF2F-5D5E-497C-8F09-14F75CAF5142}"
EndProject
Global
	GlobalSection(SolutionConfigurationPlatforms) = preSolution
		Debug|Any CPU = Debug|Any CPU
		Release|Any CPU = Release|Any CPU
	EndGlobalSection
	GlobalSection(SolutionProperties) = preSolution
		HideSolutionNode = FALSE
	EndGlobalSection
	GlobalSection(ProjectConfigurationPlatforms) = postSolution
		{8BB5EF2F-5D5E-497C-8F09-14F75CAF5142}.Debug|Any CPU.ActiveCfg = Debug|Any CPU
		{8BB5EF2F-5D5E-497C-8F09-14F75CAF5142}.Debug|Any CPU.Build.0 = Debug|Any CPU
		{8BB5EF2F-5D5E-497C-8F09-14F75CAF5142}.Release|Any CPU.ActiveCfg = Release|Any CPU
		{8BB5EF2F-5D5E-497C-8F09-14F75CAF5142}.Release|Any CPU.Build.0 = Release|Any CPU
	EndGlobalSection
	GlobalSection(NestedProjects) = preSolution
		{BC9D506C-08C3-4CEE-9229-0DE91B3DF29B} = {6007B730-1B5E-4EC3-A7FC-6BFC5E91131C}
		{8BB5EF2F-5D5E-497C-8F09-14F75CAF5142} = {BC9D506C-08C3-4CEE-9229-0DE91B3DF29B}
	EndGlobalSection
EndGlobal
