
Microsoft Visual Studio Solution File, Format Version 12.00
# Visual Studio Version 17
VisualStudioVersion = 17.0.31903.59
MinimumVisualStudioVersion = 10.0.40219.1
Project("{2150E333-8FDC-42A3-9474-1A3956D46DE8}") = "src", "src", "{6007B730-1B5E-4EC3-A7FC-6BFC5E91131C}"
EndProject
Project("{2150E333-8FDC-42A3-9474-1A3956D46DE8}") = "csharp", "csharp", "{BC9D506C-08C3-4CEE-9229-0DE91B3DF29B}"
EndProject
Project("{9A19103F-16F7-4668-BE54-9A1E7A4F7556}") = "ManaTracker", "src\csharp\ManaTracker\ManaTracker.csproj", "{8BB5EF2F-5D5E-497C-8F09-14F75CAF5142}"
EndProject
Project("{2150E333-8FDC-42A3-9474-1A3956D46DE8}") = "libs", "libs", "{FF5CAF12-2E3B-415D-AED2-0D2D4050B042}"
EndProject
Project("{2150E333-8FDC-42A3-9474-1A3956D46DE8}") = "MemCore", "MemCore", "{542D6493-41D4-4500-BBEF-D95CAB2F2280}"
EndProject
Project("{2150E333-8FDC-42A3-9474-1A3956D46DE8}") = "src", "src", "{D221B221-3CCC-4A0C-B347-D720392C7F85}"
EndProject
Project("{9A19103F-16F7-4668-BE54-9A1E7A4F7556}") = "MemCore", "src\csharp\libs\MemCore\src\MemCore\MemCore.csproj", "{0CD09ADC-E724-428B-B694-BECD3029C0F1}"
EndProject
Project("{2150E333-8FDC-42A3-9474-1A3956D46DE8}") = "libs", "libs", "{D840CB06-F0D8-4895-9011-47E1E8FA22D1}"
EndProject
Project("{2150E333-8FDC-42A3-9474-1A3956D46DE8}") = "ProcessMemory", "ProcessMemory", "{81E700D4-C699-41D1-970C-F26385F6C9E9}"
EndProject
Project("{9A19103F-16F7-4668-BE54-9A1E7A4F7556}") = "ProcessMemory", "src\csharp\libs\MemCore\src\libs\ProcessMemory\ProcessMemory\ProcessMemory.csproj", "{E25EFC8A-40FC-49C7-BB0C-4B2C4E0AAAFC}"
EndProject
Global
	GlobalSection(SolutionConfigurationPlatforms) = preSolution
		Debug|Any CPU = Debug|Any CPU
		Release|Any CPU = Release|Any CPU
	EndGlobalSection
	GlobalSection(ProjectConfigurationPlatforms) = postSolution
		{8BB5EF2F-5D5E-497C-8F09-14F75CAF5142}.Debug|Any CPU.ActiveCfg = Debug|Any CPU
		{8BB5EF2F-5D5E-497C-8F09-14F75CAF5142}.Debug|Any CPU.Build.0 = Debug|Any CPU
		{8BB5EF2F-5D5E-497C-8F09-14F75CAF5142}.Release|Any CPU.ActiveCfg = Release|Any CPU
		{8BB5EF2F-5D5E-497C-8F09-14F75CAF5142}.Release|Any CPU.Build.0 = Release|Any CPU
		{0CD09ADC-E724-428B-B694-BECD3029C0F1}.Debug|Any CPU.ActiveCfg = Debug|Any CPU
		{0CD09ADC-E724-428B-B694-BECD3029C0F1}.Debug|Any CPU.Build.0 = Debug|Any CPU
		{0CD09ADC-E724-428B-B694-BECD3029C0F1}.Release|Any CPU.ActiveCfg = Release|Any CPU
		{0CD09ADC-E724-428B-B694-BECD3029C0F1}.Release|Any CPU.Build.0 = Release|Any CPU
		{E25EFC8A-40FC-49C7-BB0C-4B2C4E0AAAFC}.Debug|Any CPU.ActiveCfg = Debug|x86
		{E25EFC8A-40FC-49C7-BB0C-4B2C4E0AAAFC}.Debug|Any CPU.Build.0 = Debug|x86
		{E25EFC8A-40FC-49C7-BB0C-4B2C4E0AAAFC}.Release|Any CPU.ActiveCfg = Release|x64
		{E25EFC8A-40FC-49C7-BB0C-4B2C4E0AAAFC}.Release|Any CPU.Build.0 = Release|x64
	EndGlobalSection
	GlobalSection(SolutionProperties) = preSolution
		HideSolutionNode = FALSE
	EndGlobalSection
	GlobalSection(NestedProjects) = preSolution
		{BC9D506C-08C3-4CEE-9229-0DE91B3DF29B} = {6007B730-1B5E-4EC3-A7FC-6BFC5E91131C}
		{8BB5EF2F-5D5E-497C-8F09-14F75CAF5142} = {BC9D506C-08C3-4CEE-9229-0DE91B3DF29B}
		{FF5CAF12-2E3B-415D-AED2-0D2D4050B042} = {BC9D506C-08C3-4CEE-9229-0DE91B3DF29B}
		{542D6493-41D4-4500-BBEF-D95CAB2F2280} = {FF5CAF12-2E3B-415D-AED2-0D2D4050B042}
		{D221B221-3CCC-4A0C-B347-D720392C7F85} = {542D6493-41D4-4500-BBEF-D95CAB2F2280}
		{0CD09ADC-E724-428B-B694-BECD3029C0F1} = {D221B221-3CCC-4A0C-B347-D720392C7F85}
		{D840CB06-F0D8-4895-9011-47E1E8FA22D1} = {D221B221-3CCC-4A0C-B347-D720392C7F85}
		{81E700D4-C699-41D1-970C-F26385F6C9E9} = {D840CB06-F0D8-4895-9011-47E1E8FA22D1}
		{E25EFC8A-40FC-49C7-BB0C-4B2C4E0AAAFC} = {81E700D4-C699-41D1-970C-F26385F6C9E9}
	EndGlobalSection
	GlobalSection(ExtensibilityGlobals) = postSolution
		SolutionGuid = {82E6C8FC-DBE8-4B17-9DBE-523343FCE8EE}
	EndGlobalSection
EndGlobal
