
Microsoft Visual Studio Solution File, Format Version 12.00
# Visual Studio Version 17
VisualStudioVersion = 17.0.31903.59
MinimumVisualStudioVersion = 10.0.40219.1
Project("{2150E333-8FDC-42A3-9474-1A3956D46DE8}") = "MarApp", "MarApp", "{C134FFC7-8AD0-4B05-B81B-BEFFD82E46FA}"
EndProject
Project("{2150E333-8FDC-42A3-9474-1A3956D46DE8}") = "csharp", "csharp", "{DEB6EC02-D8D8-46B8-8108-1894AD0ECBD2}"
EndProject
Project("{FAE04EC0-301F-11D3-BF4B-00C04F79EFBC}") = "MemCore", "MarApp\csharp\MemCore\MemCore.csproj", "{4AC46E94-1524-4C09-9F0C-F0F1B2199AB4}"
EndProject
Global
	GlobalSection(SolutionConfigurationPlatforms) = preSolution
		Debug|Any CPU = Debug|Any CPU
		Release|Any CPU = Release|Any CPU
	EndGlobalSection
	GlobalSection(SolutionProperties) = preSolution
		HideSolutionNode = FALSE
	EndGlobalSection
	GlobalSection(ProjectConfigurationPlatforms) = postSolution
		{4AC46E94-1524-4C09-9F0C-F0F1B2199AB4}.Debug|Any CPU.ActiveCfg = Debug|Any CPU
		{4AC46E94-1524-4C09-9F0C-F0F1B2199AB4}.Debug|Any CPU.Build.0 = Debug|Any CPU
		{4AC46E94-1524-4C09-9F0C-F0F1B2199AB4}.Release|Any CPU.ActiveCfg = Release|Any CPU
		{4AC46E94-1524-4C09-9F0C-F0F1B2199AB4}.Release|Any CPU.Build.0 = Release|Any CPU
	EndGlobalSection
	GlobalSection(NestedProjects) = preSolution
		{DEB6EC02-D8D8-46B8-8108-1894AD0ECBD2} = {C134FFC7-8AD0-4B05-B81B-BEFFD82E46FA}
		{4AC46E94-1524-4C09-9F0C-F0F1B2199AB4} = {DEB6EC02-D8D8-46B8-8108-1894AD0ECBD2}
	EndGlobalSection
EndGlobal
