
Microsoft Visual Studio Solution File, Format Version 12.00
# Visual Studio Version 17
VisualStudioVersion = 17.0.31903.59
MinimumVisualStudioVersion = 10.0.40219.1
Project("{9A19103F-16F7-4668-BE54-9A1E7A4F7556}") = "ManaServer", "src\ManaServer.csproj", "{89944D31-23BD-45FA-B152-402A85F41540}"
EndProject
Project("{9A19103F-16F7-4668-BE54-9A1E7A4F7556}") = "MemCore", "libs\MemCore\src\MemCore\MemCore.csproj", "{8C298603-4DB0-4D28-8F1C-693D85D9695C}"
EndProject
Global
	GlobalSection(SolutionConfigurationPlatforms) = preSolution
		Debug|Any CPU = Debug|Any CPU
		Release|Any CPU = Release|Any CPU
	EndGlobalSection
	GlobalSection(ProjectConfigurationPlatforms) = postSolution
		{89944D31-23BD-45FA-B152-402A85F41540}.Debug|Any CPU.ActiveCfg = Debug|Any CPU
		{89944D31-23BD-45FA-B152-402A85F41540}.Debug|Any CPU.Build.0 = Debug|Any CPU
		{89944D31-23BD-45FA-B152-402A85F41540}.Release|Any CPU.ActiveCfg = Release|Any CPU
		{89944D31-23BD-45FA-B152-402A85F41540}.Release|Any CPU.Build.0 = Release|Any CPU
		{8C298603-4DB0-4D28-8F1C-693D85D9695C}.Debug|Any CPU.ActiveCfg = Debug|Any CPU
		{8C298603-4DB0-4D28-8F1C-693D85D9695C}.Debug|Any CPU.Build.0 = Debug|Any CPU
		{8C298603-4DB0-4D28-8F1C-693D85D9695C}.Release|Any CPU.ActiveCfg = Release|Any CPU
		{8C298603-4DB0-4D28-8F1C-693D85D9695C}.Release|Any CPU.Build.0 = Release|Any CPU
	EndGlobalSection
	GlobalSection(SolutionProperties) = preSolution
		HideSolutionNode = FALSE
	EndGlobalSection
	GlobalSection(ExtensibilityGlobals) = postSolution
		SolutionGuid = {A96D864A-A260-40F7-AEBD-51A9A352A52A}
	EndGlobalSection
EndGlobal
