
Microsoft Visual Studio Solution File, Format Version 12.00
# Visual Studio Version 17
VisualStudioVersion = 17.0.31903.59
MinimumVisualStudioVersion = 10.0.40219.1
Project("{2150E333-8FDC-42A3-9474-1A3956D46DE8}") = "ManaServer", "ManaServer", "{795AC10F-3EF2-4810-8062-75C48D172C50}"
EndProject
Project("{2150E333-8FDC-42A3-9474-1A3956D46DE8}") = "libs", "libs", "{4A34B4C8-0058-4762-8BE9-57971B041DC2}"
EndProject
Project("{2150E333-8FDC-42A3-9474-1A3956D46DE8}") = "MemCore", "MemCore", "{C4CEE548-BB8E-4A59-8F9F-49534A955468}"
EndProject
Project("{2150E333-8FDC-42A3-9474-1A3956D46DE8}") = "src", "src", "{3C1B781B-66B4-4F2F-8533-5E1BD0BE8688}"
EndProject
Project("{FAE04EC0-301F-11D3-BF4B-00C04F79EFBC}") = "MemCore", "ManaServer\libs\MemCore\src\MemCore\MemCore.csproj", "{BE61B93B-4FA1-4679-8508-E01DF28DB8D1}"
EndProject
Project("{FAE04EC0-301F-11D3-BF4B-00C04F79EFBC}") = "ManaServer", "ManaServer\ManaServer.csproj", "{3A46FEF6-DD6F-4AD1-AE7E-EB4D4D615A98}"
EndProject
Global
	GlobalSection(SolutionConfigurationPlatforms) = preSolution
		Debug|Any CPU = Debug|Any CPU
		Release|Any CPU = Release|Any CPU
	EndGlobalSection
	GlobalSection(SolutionProperties) = preSolution
		HideSolutionNode = FALSE
	EndGlobalSection
	GlobalSection(ProjectConfigurationPlatforms) = postSolution
		{BE61B93B-4FA1-4679-8508-E01DF28DB8D1}.Debug|Any CPU.ActiveCfg = Debug|Any CPU
		{BE61B93B-4FA1-4679-8508-E01DF28DB8D1}.Debug|Any CPU.Build.0 = Debug|Any CPU
		{BE61B93B-4FA1-4679-8508-E01DF28DB8D1}.Release|Any CPU.ActiveCfg = Release|Any CPU
		{BE61B93B-4FA1-4679-8508-E01DF28DB8D1}.Release|Any CPU.Build.0 = Release|Any CPU
		{3A46FEF6-DD6F-4AD1-AE7E-EB4D4D615A98}.Debug|Any CPU.ActiveCfg = Debug|Any CPU
		{3A46FEF6-DD6F-4AD1-AE7E-EB4D4D615A98}.Debug|Any CPU.Build.0 = Debug|Any CPU
		{3A46FEF6-DD6F-4AD1-AE7E-EB4D4D615A98}.Release|Any CPU.ActiveCfg = Release|Any CPU
		{3A46FEF6-DD6F-4AD1-AE7E-EB4D4D615A98}.Release|Any CPU.Build.0 = Release|Any CPU
	EndGlobalSection
	GlobalSection(NestedProjects) = preSolution
		{4A34B4C8-0058-4762-8BE9-57971B041DC2} = {795AC10F-3EF2-4810-8062-75C48D172C50}
		{C4CEE548-BB8E-4A59-8F9F-49534A955468} = {4A34B4C8-0058-4762-8BE9-57971B041DC2}
		{3C1B781B-66B4-4F2F-8533-5E1BD0BE8688} = {C4CEE548-BB8E-4A59-8F9F-49534A955468}
		{BE61B93B-4FA1-4679-8508-E01DF28DB8D1} = {3C1B781B-66B4-4F2F-8533-5E1BD0BE8688}
		{3A46FEF6-DD6F-4AD1-AE7E-EB4D4D615A98} = {795AC10F-3EF2-4810-8062-75C48D172C50}
	EndGlobalSection
EndGlobal
